// !$*UTF8*$!
{
	archiveVersion = 1;
	classes = {
	};
	objectVersion = 63;
	objects = {

/* Begin PBXBuildFile section */
		049F5C8E77375A2535672970 /* NOTAM.swift in Sources */ = {isa = PBXBuildFile; fileRef = C8E4346817BF89EF2F0E0B30 /* NOTAM.swift */; };
		0A1B2C3D4E5F6A7B8C9D0E1F /* fir_coordinates.json in Resources */ = {isa = PBXBuildFile; fileRef = 1B2C3D4E5F6A7B8C9D0E1F2A /* fir_coordinates.json */; };
		1A2B3C4D5E6F7A8B9C0D1E2F /* ATSUnit.swift in Sources */ = {isa = PBXBuildFile; fileRef = A1B2C3D4E5F6A7B8C9D0E1F2 /* ATSUnit.swift */; };
		255A2A8823DC02EFCA7EB075 /* ContentView.swift in Sources */ = {isa = PBXBuildFile; fileRef = 1E247CC83F7FEF4ADA5829F1 /* ContentView.swift */; };
		296DB9BAE8363E48DA437CA4 /* NOTAMListView.swift in Sources */ = {isa = PBXBuildFile; fileRef = F428527AFFFED9581F4C7562 /* NOTAMListView.swift */; };
		2B3C4D5E6F7A8B9C0D1E2F3A /* ATSUnitService.swift in Sources */ = {isa = PBXBuildFile; fileRef = B2C3D4E5F6A7B8C9D0E1F2A3 /* ATSUnitService.swift */; };
		34E6C4D9A043C55452106631 /* SettingsView.swift in Sources */ = {isa = PBXBuildFile; fileRef = 0E1D091D1CA230B52FC8F906 /* SettingsView.swift */; };
		38AB691DBB99B57067EDC604 /* ErrorView.swift in Sources */ = {isa = PBXBuildFile; fileRef = 81E4AAE7B2750B842C52D23D /* ErrorView.swift */; };
		3BF64646694D8A06B5166A32 /* NOTAMChangeDetector.swift in Sources */ = {isa = PBXBuildFile; fileRef = FDB2DEC8FA88FF9D23A3CF9B /* NOTAMChangeDetector.swift */; };
		3C4D5E6F7A8B9C0D1E2F3A4B /* ats_units.json in Resources */ = {isa = PBXBuildFile; fileRef = C3D4E5F6A7B8C9D0E1F2A3B4 /* ats_units.json */; };
		457CFD06CA1D656CD9CCFEBA /* AppSettings.swift in Sources */ = {isa = PBXBuildFile; fileRef = C4405DD65162EEF1D3ED570D /* AppSettings.swift */; };
		4A5B6C7D8E9F0A1B2C3D4E5F /* LocationManager.swift in Sources */ = {isa = PBXBuildFile; fileRef = 5B6C7D8E9F0A1B2C3D4E5F6A /* LocationManager.swift */; };
		5AC5B85E806FD0D6A09AD2CB /* Assets.xcassets in Resources */ = {isa = PBXBuildFile; fileRef = C063F104388775531EB0C8B4 /* Assets.xcassets */; };
		5B11647C840BC423A5FAA5CD /* AppState.swift in Sources */ = {isa = PBXBuildFile; fileRef = 868EA3DCB3BE6FD00F415269 /* AppState.swift */; };
		67DC6AEBB2EE21865682E1B6 /* EmptyStateView.swift in Sources */ = {isa = PBXBuildFile; fileRef = 782039089BA899FC9F8B1313 /* EmptyStateView.swift */; };
		680936F28C73CB31E1719C27 /* FIR.swift in Sources */ = {isa = PBXBuildFile; fileRef = 2AE22B1EE7A48D64BCBD4911 /* FIR.swift */; };
		6B2EDBA9EA5A207CEC249E54 /* NOTAMRowView.swift in Sources */ = {isa = PBXBuildFile; fileRef = E56AECC454BC4598DE3045C5 /* NOTAMRowView.swift */; };
		6C7D8E9F0A1B2C3D4E5F6A7B /* FIRLocationService.swift in Sources */ = {isa = PBXBuildFile; fileRef = 7D8E9F0A1B2C3D4E5F6A7B8C /* FIRLocationService.swift */; };
		72B02B73279DD9975BE175DF /* NotificationManager.swift in Sources */ = {isa = PBXBuildFile; fileRef = FDEF4102D5405B506176529F /* NotificationManager.swift */; };
		793FF9662CDF489648115FEB /* ChangesListView.swift in Sources */ = {isa = PBXBuildFile; fileRef = 8DA65169CDA9AB3D8DFC30CA /* ChangesListView.swift */; };
		7E371F3EBDE0B16DA7E3F248 /* NOTAMApp.swift in Sources */ = {isa = PBXBuildFile; fileRef = 0E599E88AFC1AFC3A54D799A /* NOTAMApp.swift */; };
		8AAC73B61F36FF096E2E5E0B /* NOTAMChange.swift in Sources */ = {isa = PBXBuildFile; fileRef = 18F27F61073120598BAF9139 /* NOTAMChange.swift */; };
		8BA0040B5E9AD3E568663858 /* NOTAMService.swift in Sources */ = {isa = PBXBuildFile; fileRef = 2C7B4C3ACAC73CED23B20A2C /* NOTAMService.swift */; };
		8E66AE95029D15730D10FD84 /* BackgroundRefreshManager.swift in Sources */ = {isa = PBXBuildFile; fileRef = B1EDEEE6E04060B866CD379E /* BackgroundRefreshManager.swift */; };
		8E9F0A1B2C3D4E5F6A7B8C9D /* LocateFIRsView.swift in Sources */ = {isa = PBXBuildFile; fileRef = 9F0A1B2C3D4E5F6A7B8C9D0E /* LocateFIRsView.swift */; };
		9C3929116E42DE160324689D /* ChangeStore.swift in Sources */ = {isa = PBXBuildFile; fileRef = 282F7F07CFF381982EA387F2 /* ChangeStore.swift */; };
		A9C60573E40453F47A4E739F /* SettingsStore.swift in Sources */ = {isa = PBXBuildFile; fileRef = C12CC2ACC54E54CD5BC63480 /* SettingsStore.swift */; };
		B1D1AAD0B9FB21945EEDC011 /* NOTAMCache.swift in Sources */ = {isa = PBXBuildFile; fileRef = 7F950BFB1FBBB0784740E12C /* NOTAMCache.swift */; };
		C09EC06E3D5225039D909528 /* AddFIRView.swift in Sources */ = {isa = PBXBuildFile; fileRef = FA1D8DBE22D3310BD0600053 /* AddFIRView.swift */; };
		COMP002A1B2C3D4E5F6A7B8C /* GlassCard.swift in Sources */ = {isa = PBXBuildFile; fileRef = COMP001A1B2C3D4E5F6A7B8C /* GlassCard.swift */; };
		COMP004A1B2C3D4E5F6A7B8C /* SeverityBadge.swift in Sources */ = {isa = PBXBuildFile; fileRef = COMP003A1B2C3D4E5F6A7B8C /* SeverityBadge.swift */; };
		COMP006A1B2C3D4E5F6A7B8C /* NOTAMIDBadge.swift in Sources */ = {isa = PBXBuildFile; fileRef = COMP005A1B2C3D4E5F6A7B8C /* NOTAMIDBadge.swift */; };
		COMP008A1B2C3D4E5F6A7B8C /* FIRCodePill.swift in Sources */ = {isa = PBXBuildFile; fileRef = COMP007A1B2C3D4E5F6A7B8C /* FIRCodePill.swift */; };
		COMP010A1B2C3D4E5F6A7B8C /* SectionHeader.swift in Sources */ = {isa = PBXBuildFile; fileRef = COMP009A1B2C3D4E5F6A7B8C /* SectionHeader.swift */; };
		COMP012A1B2C3D4E5F6A7B8C /* PremiumSearchBar.swift in Sources */ = {isa = PBXBuildFile; fileRef = COMP011A1B2C3D4E5F6A7B8C /* PremiumSearchBar.swift */; };
		COMP014A1B2C3D4E5F6A7B8C /* TimelineProgressBar.swift in Sources */ = {isa = PBXBuildFile; fileRef = COMP013A1B2C3D4E5F6A7B8C /* TimelineProgressBar.swift */; };
		D1E2F3A4B5C6D7E8F9A0B1C2 /* NotifiedNOTAMStore.swift in Sources */ = {isa = PBXBuildFile; fileRef = E2F3A4B5C6D7E8F9A0B1C2D3 /* NotifiedNOTAMStore.swift */; };
		D5050FF21DCA10F5EE52A7FB /* NOTAMDetailView.swift in Sources */ = {isa = PBXBuildFile; fileRef = 6F99420AD9E947887C4ABB7F /* NOTAMDetailView.swift */; };
		EB979F4CB55E5635397EC2B6 /* NOTAMTranslator.swift in Sources */ = {isa = PBXBuildFile; fileRef = 42D77C2EDF21A0D1BEF1DCFA /* NOTAMTranslator.swift */; };
		FA04A69076DFBE35F9B15F83 /* LoadingView.swift in Sources */ = {isa = PBXBuildFile; fileRef = A18D2D6B342E5B1AAFF62603 /* LoadingView.swift */; };
		FCD068C161A14269EB480276 /* ChangeDetailView.swift in Sources */ = {isa = PBXBuildFile; fileRef = 3BE39DDA7833A34986170042 /* ChangeDetailView.swift */; };
		THEME002A1B2C3D4E5F6A7B8C /* AviationTheme.swift in Sources */ = {isa = PBXBuildFile; fileRef = THEME001A1B2C3D4E5F6A7B8C /* AviationTheme.swift */; };
		THEME004A1B2C3D4E5F6A7B8C /* Typography.swift in Sources */ = {isa = PBXBuildFile; fileRef = THEME003A1B2C3D4E5F6A7B8C /* Typography.swift */; };
		THEME006A1B2C3D4E5F6A7B8C /* Animation.swift in Sources */ = {isa = PBXBuildFile; fileRef = THEME005A1B2C3D4E5F6A7B8C /* Animation.swift */; };
		THEME008A1B2C3D4E5F6A7B8C /* HapticManager.swift in Sources */ = {isa = PBXBuildFile; fileRef = THEME007A1B2C3D4E5F6A7B8C /* HapticManager.swift */; };
/* End PBXBuildFile section */

/* Begin PBXFileReference section */
		0E1D091D1CA230B52FC8F906 /* SettingsView.swift */ = {isa = PBXFileReference; lastKnownFileType = sourcecode.swift; path = SettingsView.swift; sourceTree = "<group>"; };
		0E599E88AFC1AFC3A54D799A /* NOTAMApp.swift */ = {isa = PBXFileReference; lastKnownFileType = sourcecode.swift; path = NOTAMApp.swift; sourceTree = "<group>"; };
		18F27F61073120598BAF9139 /* NOTAMChange.swift */ = {isa = PBXFileReference; lastKnownFileType = sourcecode.swift; path = NOTAMChange.swift; sourceTree = "<group>"; };
		1B2C3D4E5F6A7B8C9D0E1F2A /* fir_coordinates.json */ = {isa = PBXFileReference; lastKnownFileType = text.json; path = fir_coordinates.json; sourceTree = "<group>"; };
		1E247CC83F7FEF4ADA5829F1 /* ContentView.swift */ = {isa = PBXFileReference; lastKnownFileType = sourcecode.swift; path = ContentView.swift; sourceTree = "<group>"; };
		20F7AB760A39F0EE7E83C3CC /* NOTAMApp.app */ = {isa = PBXFileReference; explicitFileType = wrapper.application; includeInIndex = 0; path = NOTAMApp.app; sourceTree = BUILT_PRODUCTS_DIR; };
		282F7F07CFF381982EA387F2 /* ChangeStore.swift */ = {isa = PBXFileReference; lastKnownFileType = sourcecode.swift; path = ChangeStore.swift; sourceTree = "<group>"; };
		2AE22B1EE7A48D64BCBD4911 /* FIR.swift */ = {isa = PBXFileReference; lastKnownFileType = sourcecode.swift; path = FIR.swift; sourceTree = "<group>"; };
		2C7B4C3ACAC73CED23B20A2C /* NOTAMService.swift */ = {isa = PBXFileReference; lastKnownFileType = sourcecode.swift; path = NOTAMService.swift; sourceTree = "<group>"; };
		3BE39DDA7833A34986170042 /* ChangeDetailView.swift */ = {isa = PBXFileReference; lastKnownFileType = sourcecode.swift; path = ChangeDetailView.swift; sourceTree = "<group>"; };
		42D77C2EDF21A0D1BEF1DCFA /* NOTAMTranslator.swift */ = {isa = PBXFileReference; lastKnownFileType = sourcecode.swift; path = NOTAMTranslator.swift; sourceTree = "<group>"; };
		5B6C7D8E9F0A1B2C3D4E5F6A /* LocationManager.swift */ = {isa = PBXFileReference; lastKnownFileType = sourcecode.swift; path = LocationManager.swift; sourceTree = "<group>"; };
		6F99420AD9E947887C4ABB7F /* NOTAMDetailView.swift */ = {isa = PBXFileReference; lastKnownFileType = sourcecode.swift; path = NOTAMDetailView.swift; sourceTree = "<group>"; };
		782039089BA899FC9F8B1313 /* EmptyStateView.swift */ = {isa = PBXFileReference; lastKnownFileType = sourcecode.swift; path = EmptyStateView.swift; sourceTree = "<group>"; };
		7D8E9F0A1B2C3D4E5F6A7B8C /* FIRLocationService.swift */ = {isa = PBXFileReference; lastKnownFileType = sourcecode.swift; path = FIRLocationService.swift; sourceTree = "<group>"; };
		7F950BFB1FBBB0784740E12C /* NOTAMCache.swift */ = {isa = PBXFileReference; lastKnownFileType = sourcecode.swift; path = NOTAMCache.swift; sourceTree = "<group>"; };
		81E4AAE7B2750B842C52D23D /* ErrorView.swift */ = {isa = PBXFileReference; lastKnownFileType = sourcecode.swift; path = ErrorView.swift; sourceTree = "<group>"; };
		868EA3DCB3BE6FD00F415269 /* AppState.swift */ = {isa = PBXFileReference; lastKnownFileType = sourcecode.swift; path = AppState.swift; sourceTree = "<group>"; };
		8DA65169CDA9AB3D8DFC30CA /* ChangesListView.swift */ = {isa = PBXFileReference; lastKnownFileType = sourcecode.swift; path = ChangesListView.swift; sourceTree = "<group>"; };
		9F0A1B2C3D4E5F6A7B8C9D0E /* LocateFIRsView.swift */ = {isa = PBXFileReference; lastKnownFileType = sourcecode.swift; path = LocateFIRsView.swift; sourceTree = "<group>"; };
		A18D2D6B342E5B1AAFF62603 /* LoadingView.swift */ = {isa = PBXFileReference; lastKnownFileType = sourcecode.swift; path = LoadingView.swift; sourceTree = "<group>"; };
		A1B2C3D4E5F6A7B8C9D0E1F2 /* ATSUnit.swift */ = {isa = PBXFileReference; lastKnownFileType = sourcecode.swift; path = ATSUnit.swift; sourceTree = "<group>"; };
		B1EDEEE6E04060B866CD379E /* BackgroundRefreshManager.swift */ = {isa = PBXFileReference; lastKnownFileType = sourcecode.swift; path = BackgroundRefreshManager.swift; sourceTree = "<group>"; };
		B2C3D4E5F6A7B8C9D0E1F2A3 /* ATSUnitService.swift */ = {isa = PBXFileReference; lastKnownFileType = sourcecode.swift; path = ATSUnitService.swift; sourceTree = "<group>"; };
		C063F104388775531EB0C8B4 /* Assets.xcassets */ = {isa = PBXFileReference; lastKnownFileType = folder.assetcatalog; path = Assets.xcassets; sourceTree = "<group>"; };
		C12CC2ACC54E54CD5BC63480 /* SettingsStore.swift */ = {isa = PBXFileReference; lastKnownFileType = sourcecode.swift; path = SettingsStore.swift; sourceTree = "<group>"; };
		C3D4E5F6A7B8C9D0E1F2A3B4 /* ats_units.json */ = {isa = PBXFileReference; lastKnownFileType = text.json; path = ats_units.json; sourceTree = "<group>"; };
		C4405DD65162EEF1D3ED570D /* AppSettings.swift */ = {isa = PBXFileReference; lastKnownFileType = sourcecode.swift; path = AppSettings.swift; sourceTree = "<group>"; };
		C8E4346817BF89EF2F0E0B30 /* NOTAM.swift */ = {isa = PBXFileReference; lastKnownFileType = sourcecode.swift; path = NOTAM.swift; sourceTree = "<group>"; };
		COMP001A1B2C3D4E5F6A7B8C /* GlassCard.swift */ = {isa = PBXFileReference; lastKnownFileType = sourcecode.swift; path = GlassCard.swift; sourceTree = "<group>"; };
		COMP003A1B2C3D4E5F6A7B8C /* SeverityBadge.swift */ = {isa = PBXFileReference; lastKnownFileType = sourcecode.swift; path = SeverityBadge.swift; sourceTree = "<group>"; };
		COMP005A1B2C3D4E5F6A7B8C /* NOTAMIDBadge.swift */ = {isa = PBXFileReference; lastKnownFileType = sourcecode.swift; path = NOTAMIDBadge.swift; sourceTree = "<group>"; };
		COMP007A1B2C3D4E5F6A7B8C /* FIRCodePill.swift */ = {isa = PBXFileReference; lastKnownFileType = sourcecode.swift; path = FIRCodePill.swift; sourceTree = "<group>"; };
		COMP009A1B2C3D4E5F6A7B8C /* SectionHeader.swift */ = {isa = PBXFileReference; lastKnownFileType = sourcecode.swift; path = SectionHeader.swift; sourceTree = "<group>"; };
		COMP011A1B2C3D4E5F6A7B8C /* PremiumSearchBar.swift */ = {isa = PBXFileReference; lastKnownFileType = sourcecode.swift; path = PremiumSearchBar.swift; sourceTree = "<group>"; };
		COMP013A1B2C3D4E5F6A7B8C /* TimelineProgressBar.swift */ = {isa = PBXFileReference; lastKnownFileType = sourcecode.swift; path = TimelineProgressBar.swift; sourceTree = "<group>"; };
		DA38FC41A96F52CC43C2BE6C /* Info.plist */ = {isa = PBXFileReference; lastKnownFileType = text.plist; path = Info.plist; sourceTree = "<group>"; };
		E2F3A4B5C6D7E8F9A0B1C2D3 /* NotifiedNOTAMStore.swift */ = {isa = PBXFileReference; lastKnownFileType = sourcecode.swift; path = NotifiedNOTAMStore.swift; sourceTree = "<group>"; };
		E56AECC454BC4598DE3045C5 /* NOTAMRowView.swift */ = {isa = PBXFileReference; lastKnownFileType = sourcecode.swift; path = NOTAMRowView.swift; sourceTree = "<group>"; };
		F428527AFFFED9581F4C7562 /* NOTAMListView.swift */ = {isa = PBXFileReference; lastKnownFileType = sourcecode.swift; path = NOTAMListView.swift; sourceTree = "<group>"; };
		FA1D8DBE22D3310BD0600053 /* AddFIRView.swift */ = {isa = PBXFileReference; lastKnownFileType = sourcecode.swift; path = AddFIRView.swift; sourceTree = "<group>"; };
		FDB2DEC8FA88FF9D23A3CF9B /* NOTAMChangeDetector.swift */ = {isa = PBXFileReference; lastKnownFileType = sourcecode.swift; path = NOTAMChangeDetector.swift; sourceTree = "<group>"; };
		FDEF4102D5405B506176529F /* NotificationManager.swift */ = {isa = PBXFileReference; lastKnownFileType = sourcecode.swift; path = NotificationManager.swift; sourceTree = "<group>"; };
		THEME001A1B2C3D4E5F6A7B8C /* AviationTheme.swift */ = {isa = PBXFileReference; lastKnownFileType = sourcecode.swift; path = AviationTheme.swift; sourceTree = "<group>"; };
		THEME003A1B2C3D4E5F6A7B8C /* Typography.swift */ = {isa = PBXFileReference; lastKnownFileType = sourcecode.swift; path = Typography.swift; sourceTree = "<group>"; };
		THEME005A1B2C3D4E5F6A7B8C /* Animation.swift */ = {isa = PBXFileReference; lastKnownFileType = sourcecode.swift; path = Animation.swift; sourceTree = "<group>"; };
		THEME007A1B2C3D4E5F6A7B8C /* HapticManager.swift */ = {isa = PBXFileReference; lastKnownFileType = sourcecode.swift; path = HapticManager.swift; sourceTree = "<group>"; };
/* End PBXFileReference section */

/* Begin PBXGroup section */
		109837CE14DF231DA92CA287 /* Products */ = {
			isa = PBXGroup;
			children = (
				20F7AB760A39F0EE7E83C3CC /* NOTAMApp.app */,
			);
			name = Products;
			sourceTree = "<group>";
		};
		15D8440CC19A75EF35B61605 /* Models */ = {
			isa = PBXGroup;
			children = (
				C4405DD65162EEF1D3ED570D /* AppSettings.swift */,
				A1B2C3D4E5F6A7B8C9D0E1F2 /* ATSUnit.swift */,
				2AE22B1EE7A48D64BCBD4911 /* FIR.swift */,
				C8E4346817BF89EF2F0E0B30 /* NOTAM.swift */,
				18F27F61073120598BAF9139 /* NOTAMChange.swift */,
			);
			path = Models;
			sourceTree = "<group>";
		};
		39C896EF2D847173CF0B0F15 = {
			isa = PBXGroup;
			children = (
				6AC9A32ECC96F5F47A7CB63B /* NOTAMApp */,
				109837CE14DF231DA92CA287 /* Products */,
			);
			sourceTree = "<group>";
		};
		430CDA8A1EB79AFC0BBAC633 /* Views */ = {
			isa = PBXGroup;
			children = (
				66DAFD06F2481B08BB6EBA34 /* Changes */,
				89F67F8EFDBAFB288D18604B /* Components */,
				70AD913D0D021E021426C7FE /* NOTAM */,
				49479421A8DCE1ECA9DC2CE3 /* Settings */,
			);
			path = Views;
			sourceTree = "<group>";
		};
		49479421A8DCE1ECA9DC2CE3 /* Settings */ = {
			isa = PBXGroup;
			children = (
				FA1D8DBE22D3310BD0600053 /* AddFIRView.swift */,
				9F0A1B2C3D4E5F6A7B8C9D0E /* LocateFIRsView.swift */,
				0E1D091D1CA230B52FC8F906 /* SettingsView.swift */,
			);
			path = Settings;
			sourceTree = "<group>";
		};
		66DAFD06F2481B08BB6EBA34 /* Changes */ = {
			isa = PBXGroup;
			children = (
				3BE39DDA7833A34986170042 /* ChangeDetailView.swift */,
				8DA65169CDA9AB3D8DFC30CA /* ChangesListView.swift */,
			);
			path = Changes;
			sourceTree = "<group>";
		};
		6AC9A32ECC96F5F47A7CB63B /* NOTAMApp */ = {
			isa = PBXGroup;
			children = (
				C063F104388775531EB0C8B4 /* Assets.xcassets */,
				COMP015A1B2C3D4E5F6A7B8C /* Components */,
				1E247CC83F7FEF4ADA5829F1 /* ContentView.swift */,
				DA38FC41A96F52CC43C2BE6C /* Info.plist */,
				0E599E88AFC1AFC3A54D799A /* NOTAMApp.swift */,
				15D8440CC19A75EF35B61605 /* Models */,
				D4E5F6A7B8C9D0E1F2A3B4C5 /* Resources */,
				9A934877F04BC7AE96B5463E /* Services */,
				THEME009A1B2C3D4E5F6A7B8C /* Theme */,
				430CDA8A1EB79AFC0BBAC633 /* Views */,
			);
			path = NOTAMApp;
			sourceTree = "<group>";
		};
		70AD913D0D021E021426C7FE /* NOTAM */ = {
			isa = PBXGroup;
			children = (
				6F99420AD9E947887C4ABB7F /* NOTAMDetailView.swift */,
				F428527AFFFED9581F4C7562 /* NOTAMListView.swift */,
				E56AECC454BC4598DE3045C5 /* NOTAMRowView.swift */,
			);
			path = NOTAM;
			sourceTree = "<group>";
		};
		89F67F8EFDBAFB288D18604B /* Components */ = {
			isa = PBXGroup;
			children = (
				782039089BA899FC9F8B1313 /* EmptyStateView.swift */,
				81E4AAE7B2750B842C52D23D /* ErrorView.swift */,
				A18D2D6B342E5B1AAFF62603 /* LoadingView.swift */,
			);
			path = Components;
			sourceTree = "<group>";
		};
		9A934877F04BC7AE96B5463E /* Services */ = {
			isa = PBXGroup;
			children = (
				868EA3DCB3BE6FD00F415269 /* AppState.swift */,
				B2C3D4E5F6A7B8C9D0E1F2A3 /* ATSUnitService.swift */,
				B1EDEEE6E04060B866CD379E /* BackgroundRefreshManager.swift */,
				282F7F07CFF381982EA387F2 /* ChangeStore.swift */,
				7D8E9F0A1B2C3D4E5F6A7B8C /* FIRLocationService.swift */,
				5B6C7D8E9F0A1B2C3D4E5F6A /* LocationManager.swift */,
				7F950BFB1FBBB0784740E12C /* NOTAMCache.swift */,
				FDB2DEC8FA88FF9D23A3CF9B /* NOTAMChangeDetector.swift */,
				2C7B4C3ACAC73CED23B20A2C /* NOTAMService.swift */,
				42D77C2EDF21A0D1BEF1DCFA /* NOTAMTranslator.swift */,
				FDEF4102D5405B506176529F /* NotificationManager.swift */,
				E2F3A4B5C6D7E8F9A0B1C2D3 /* NotifiedNOTAMStore.swift */,
				C12CC2ACC54E54CD5BC63480 /* SettingsStore.swift */,
			);
			path = Services;
			sourceTree = "<group>";
		};
		COMP015A1B2C3D4E5F6A7B8C /* Components */ = {
			isa = PBXGroup;
			children = (
				COMP007A1B2C3D4E5F6A7B8C /* FIRCodePill.swift */,
				COMP001A1B2C3D4E5F6A7B8C /* GlassCard.swift */,
				COMP005A1B2C3D4E5F6A7B8C /* NOTAMIDBadge.swift */,
				COMP011A1B2C3D4E5F6A7B8C /* PremiumSearchBar.swift */,
				COMP009A1B2C3D4E5F6A7B8C /* SectionHeader.swift */,
				COMP003A1B2C3D4E5F6A7B8C /* SeverityBadge.swift */,
				COMP013A1B2C3D4E5F6A7B8C /* TimelineProgressBar.swift */,
			);
			path = Components;
			sourceTree = "<group>";
		};
		D4E5F6A7B8C9D0E1F2A3B4C5 /* Resources */ = {
			isa = PBXGroup;
			children = (
				C3D4E5F6A7B8C9D0E1F2A3B4 /* ats_units.json */,
				1B2C3D4E5F6A7B8C9D0E1F2A /* fir_coordinates.json */,
			);
			path = Resources;
			sourceTree = "<group>";
		};
		THEME009A1B2C3D4E5F6A7B8C /* Theme */ = {
			isa = PBXGroup;
			children = (
				THEME005A1B2C3D4E5F6A7B8C /* Animation.swift */,
				THEME001A1B2C3D4E5F6A7B8C /* AviationTheme.swift */,
				THEME007A1B2C3D4E5F6A7B8C /* HapticManager.swift */,
				THEME003A1B2C3D4E5F6A7B8C /* Typography.swift */,
			);
			path = Theme;
			sourceTree = "<group>";
		};
/* End PBXGroup section */

/* Begin PBXNativeTarget section */
		C72A6C6F15710668DCD9320C /* NOTAMApp */ = {
			isa = PBXNativeTarget;
			buildConfigurationList = CE9B4A587FC44313A7157579 /* Build configuration list for PBXNativeTarget "NOTAMApp" */;
			buildPhases = (
				A9AECCA12F104D1D00454B60 /* ShellScript */,
				87CCB248E5BB5DA19F8C6966 /* Sources */,
				D7AD3840774C97B16ECE19AC /* Resources */,
			);
			buildRules = (
			);
			dependencies = (
			);
			name = NOTAMApp;
			packageProductDependencies = (
			);
			productName = NOTAMApp;
			productReference = 20F7AB760A39F0EE7E83C3CC /* NOTAMApp.app */;
			productType = "com.apple.product-type.application";
		};
/* End PBXNativeTarget section */

/* Begin PBXProject section */
		C898020189DFFC45A31EDE08 /* Project object */ = {
			isa = PBXProject;
			attributes = {
				BuildIndependentTargetsInParallel = YES;
				LastUpgradeCheck = 1500;
				TargetAttributes = {
					C72A6C6F15710668DCD9320C = {
						ProvisioningStyle = Automatic;
					};
				};
			};
			buildConfigurationList = 923B2DAAEE5FB9B3065B1DFD /* Build configuration list for PBXProject "NOTAMApp" */;
			compatibilityVersion = "Xcode 14.0";
			developmentRegion = en;
			hasScannedForEncodings = 0;
			knownRegions = (
				Base,
				en,
			);
			mainGroup = 39C896EF2D847173CF0B0F15;
			minimizedProjectReferenceProxies = 1;
			projectDirPath = "";
			projectRoot = "";
			targets = (
				C72A6C6F15710668DCD9320C /* NOTAMApp */,
			);
		};
/* End PBXProject section */

/* Begin PBXResourcesBuildPhase section */
		D7AD3840774C97B16ECE19AC /* Resources */ = {
			isa = PBXResourcesBuildPhase;
			buildActionMask = 2147483647;
			files = (
				5AC5B85E806FD0D6A09AD2CB /* Assets.xcassets in Resources */,
				3C4D5E6F7A8B9C0D1E2F3A4B /* ats_units.json in Resources */,
				0A1B2C3D4E5F6A7B8C9D0E1F /* fir_coordinates.json in Resources */,
			);
			runOnlyForDeploymentPostprocessing = 0;
		};
/* End PBXResourcesBuildPhase section */

/* Begin PBXShellScriptBuildPhase section */
		A9AECCA12F104D1D00454B60 /* ShellScript */ = {
			isa = PBXShellScriptBuildPhase;
			buildActionMask = 2147483647;
			files = (
			);
			inputFileListPaths = (
			);
			inputPaths = (
			);
			outputFileListPaths = (
			);
			outputPaths = (
			);
			runOnlyForDeploymentPostprocessing = 0;
			shellPath = /bin/sh;
			shellScript = "# Auto-increment build number\n  if [ \"$CONFIGURATION\" == \"Release\" ]; then\n      buildNumber=$(/usr/libexec/PlistBuddy -c \"Print CFBundleVersion\" \"$INFOPLIST_FILE\")\n      buildNumber=$(($buildNumber + 1))\n      /usr/libexec/PlistBuddy -c \"Set :CFBundleVersion $buildNumber\" \"$INFOPLIST_FILE\"\n      echo \"Build number incremented to $buildNumber\"\n  fi\n";
		};
/* End PBXShellScriptBuildPhase section */

/* Begin PBXSourcesBuildPhase section */
		87CCB248E5BB5DA19F8C6966 /* Sources */ = {
			isa = PBXSourcesBuildPhase;
			buildActionMask = 2147483647;
			files = (
				C09EC06E3D5225039D909528 /* AddFIRView.swift in Sources */,
				457CFD06CA1D656CD9CCFEBA /* AppSettings.swift in Sources */,
				5B11647C840BC423A5FAA5CD /* AppState.swift in Sources */,
				1A2B3C4D5E6F7A8B9C0D1E2F /* ATSUnit.swift in Sources */,
				2B3C4D5E6F7A8B9C0D1E2F3A /* ATSUnitService.swift in Sources */,
				8E66AE95029D15730D10FD84 /* BackgroundRefreshManager.swift in Sources */,
				FCD068C161A14269EB480276 /* ChangeDetailView.swift in Sources */,
				9C3929116E42DE160324689D /* ChangeStore.swift in Sources */,
				793FF9662CDF489648115FEB /* ChangesListView.swift in Sources */,
				255A2A8823DC02EFCA7EB075 /* ContentView.swift in Sources */,
				67DC6AEBB2EE21865682E1B6 /* EmptyStateView.swift in Sources */,
				38AB691DBB99B57067EDC604 /* ErrorView.swift in Sources */,
				680936F28C73CB31E1719C27 /* FIR.swift in Sources */,
				FA04A69076DFBE35F9B15F83 /* LoadingView.swift in Sources */,
				049F5C8E77375A2535672970 /* NOTAM.swift in Sources */,
				7E371F3EBDE0B16DA7E3F248 /* NOTAMApp.swift in Sources */,
				B1D1AAD0B9FB21945EEDC011 /* NOTAMCache.swift in Sources */,
				8AAC73B61F36FF096E2E5E0B /* NOTAMChange.swift in Sources */,
				3BF64646694D8A06B5166A32 /* NOTAMChangeDetector.swift in Sources */,
				D5050FF21DCA10F5EE52A7FB /* NOTAMDetailView.swift in Sources */,
				296DB9BAE8363E48DA437CA4 /* NOTAMListView.swift in Sources */,
				6B2EDBA9EA5A207CEC249E54 /* NOTAMRowView.swift in Sources */,
				8BA0040B5E9AD3E568663858 /* NOTAMService.swift in Sources */,
				EB979F4CB55E5635397EC2B6 /* NOTAMTranslator.swift in Sources */,
				72B02B73279DD9975BE175DF /* NotificationManager.swift in Sources */,
				D1E2F3A4B5C6D7E8F9A0B1C2 /* NotifiedNOTAMStore.swift in Sources */,
				A9C60573E40453F47A4E739F /* SettingsStore.swift in Sources */,
				34E6C4D9A043C55452106631 /* SettingsView.swift in Sources */,
				4A5B6C7D8E9F0A1B2C3D4E5F /* LocationManager.swift in Sources */,
				6C7D8E9F0A1B2C3D4E5F6A7B /* FIRLocationService.swift in Sources */,
				8E9F0A1B2C3D4E5F6A7B8C9D /* LocateFIRsView.swift in Sources */,
				THEME002A1B2C3D4E5F6A7B8C /* AviationTheme.swift in Sources */,
				THEME004A1B2C3D4E5F6A7B8C /* Typography.swift in Sources */,
				THEME006A1B2C3D4E5F6A7B8C /* Animation.swift in Sources */,
				THEME008A1B2C3D4E5F6A7B8C /* HapticManager.swift in Sources */,
				COMP002A1B2C3D4E5F6A7B8C /* GlassCard.swift in Sources */,
				COMP004A1B2C3D4E5F6A7B8C /* SeverityBadge.swift in Sources */,
				COMP006A1B2C3D4E5F6A7B8C /* NOTAMIDBadge.swift in Sources */,
				COMP008A1B2C3D4E5F6A7B8C /* FIRCodePill.swift in Sources */,
				COMP010A1B2C3D4E5F6A7B8C /* SectionHeader.swift in Sources */,
				COMP012A1B2C3D4E5F6A7B8C /* PremiumSearchBar.swift in Sources */,
				COMP014A1B2C3D4E5F6A7B8C /* TimelineProgressBar.swift in Sources */,
			);
			runOnlyForDeploymentPostprocessing = 0;
		};
/* End PBXSourcesBuildPhase section */

/* Begin XCBuildConfiguration section */
		2BEB61DAB4AAE2C2E594A19A /* Release */ = {
			isa = XCBuildConfiguration;
			buildSettings = {
				ALWAYS_SEARCH_USER_PATHS = NO;
				CLANG_ANALYZER_NONNULL = YES;
				CLANG_ANALYZER_NUMBER_OBJECT_CONVERSION = YES_AGGRESSIVE;
				CLANG_CXX_LANGUAGE_STANDARD = "gnu++14";
				CLANG_CXX_LIBRARY = "libc++";
				CLANG_ENABLE_MODULES = YES;
				CLANG_ENABLE_OBJC_ARC = YES;
				CLANG_ENABLE_OBJC_WEAK = YES;
				CLANG_WARN_BLOCK_CAPTURE_AUTORELEASING = YES;
				CLANG_WARN_BOOL_CONVERSION = YES;
				CLANG_WARN_COMMA = YES;
				CLANG_WARN_CONSTANT_CONVERSION = YES;
				CLANG_WARN_DEPRECATED_OBJC_IMPLEMENTATIONS = YES;
				CLANG_WARN_DIRECT_OBJC_ISA_USAGE = YES_ERROR;
				CLANG_WARN_DOCUMENTATION_COMMENTS = YES;
				CLANG_WARN_EMPTY_BODY = YES;
				CLANG_WARN_ENUM_CONVERSION = YES;
				CLANG_WARN_INFINITE_RECURSION = YES;
				CLANG_WARN_INT_CONVERSION = YES;
				CLANG_WARN_NON_LITERAL_NULL_CONVERSION = YES;
				CLANG_WARN_OBJC_IMPLICIT_RETAIN_SELF = YES;
				CLANG_WARN_OBJC_LITERAL_CONVERSION = YES;
				CLANG_WARN_OBJC_ROOT_CLASS = YES_ERROR;
				CLANG_WARN_QUOTED_INCLUDE_IN_FRAMEWORK_HEADER = YES;
				CLANG_WARN_RANGE_LOOP_ANALYSIS = YES;
				CLANG_WARN_STRICT_PROTOTYPES = YES;
				CLANG_WARN_SUSPICIOUS_MOVE = YES;
				CLANG_WARN_UNGUARDED_AVAILABILITY = YES_AGGRESSIVE;
				CLANG_WARN_UNREACHABLE_CODE = YES;
				CLANG_WARN__DUPLICATE_METHOD_MATCH = YES;
				COPY_PHASE_STRIP = NO;
				DEBUG_INFORMATION_FORMAT = "dwarf-with-dsym";
				ENABLE_NS_ASSERTIONS = NO;
				ENABLE_STRICT_OBJC_MSGSEND = YES;
				GCC_C_LANGUAGE_STANDARD = gnu11;
				GCC_NO_COMMON_BLOCKS = YES;
				GCC_WARN_64_TO_32_BIT_CONVERSION = YES;
				GCC_WARN_ABOUT_RETURN_TYPE = YES_ERROR;
				GCC_WARN_UNDECLARED_SELECTOR = YES;
				GCC_WARN_UNINITIALIZED_AUTOS = YES_AGGRESSIVE;
				GCC_WARN_UNUSED_FUNCTION = YES;
				GCC_WARN_UNUSED_VARIABLE = YES;
				GENERATE_INFOPLIST_FILE = YES;
				IPHONEOS_DEPLOYMENT_TARGET = 17.0;
				MTL_ENABLE_DEBUG_INFO = NO;
				MTL_FAST_MATH = YES;
				PRODUCT_NAME = "$(TARGET_NAME)";
				SDKROOT = iphoneos;
				SWIFT_COMPILATION_MODE = wholemodule;
				SWIFT_OPTIMIZATION_LEVEL = "-O";
				SWIFT_VERSION = 5.0;
			};
			name = Release;
		};
		B43CD83A560997D945A404EA /* Debug */ = {
			isa = XCBuildConfiguration;
			buildSettings = {
				ASSETCATALOG_COMPILER_APPICON_NAME = AppIcon;
				ASSETCATALOG_COMPILER_GLOBAL_ACCENT_COLOR_NAME = AccentColor;
				CODE_SIGN_IDENTITY = "iPhone Developer";
				CODE_SIGN_STYLE = Automatic;
				CURRENT_PROJECT_VERSION = 2;
				DEVELOPMENT_TEAM = HV325Z3W39;
				ENABLE_PREVIEWS = YES;
				INFOPLIST_FILE = NOTAMApp/Info.plist;
				INFOPLIST_KEY_CFBundleDisplayName = NOTAM;
				INFOPLIST_KEY_UIApplicationSceneManifest_Generation = YES;
				INFOPLIST_KEY_UIApplicationSupportsIndirectInputEvents = YES;
				INFOPLIST_KEY_UILaunchScreen_Generation = YES;
				INFOPLIST_KEY_UISupportedInterfaceOrientations_iPad = "UIInterfaceOrientationPortrait UIInterfaceOrientationPortraitUpsideDown UIInterfaceOrientationLandscapeLeft UIInterfaceOrientationLandscapeRight";
				INFOPLIST_KEY_UISupportedInterfaceOrientations_iPhone = "UIInterfaceOrientationPortrait UIInterfaceOrientationLandscapeLeft UIInterfaceOrientationLandscapeRight";
				LD_RUNPATH_SEARCH_PATHS = (
					"$(inherited)",
					"@executable_path/Frameworks",
				);
				MARKETING_VERSION = 1.2;
				PRODUCT_BUNDLE_IDENTIFIER = com.notamapp.NOTAMApp;
				SDKROOT = iphoneos;
				TARGETED_DEVICE_FAMILY = 1;
			};
			name = Debug;
		};
		E45309D2E1933F7076AD3AD2 /* Debug */ = {
			isa = XCBuildConfiguration;
			buildSettings = {
				ALWAYS_SEARCH_USER_PATHS = NO;
				CLANG_ANALYZER_NONNULL = YES;
				CLANG_ANALYZER_NUMBER_OBJECT_CONVERSION = YES_AGGRESSIVE;
				CLANG_CXX_LANGUAGE_STANDARD = "gnu++14";
				CLANG_CXX_LIBRARY = "libc++";
				CLANG_ENABLE_MODULES = YES;
				CLANG_ENABLE_OBJC_ARC = YES;
				CLANG_ENABLE_OBJC_WEAK = YES;
				CLANG_WARN_BLOCK_CAPTURE_AUTORELEASING = YES;
				CLANG_WARN_BOOL_CONVERSION = YES;
				CLANG_WARN_COMMA = YES;
				CLANG_WARN_CONSTANT_CONVERSION = YES;
				CLANG_WARN_DEPRECATED_OBJC_IMPLEMENTATIONS = YES;
				CLANG_WARN_DIRECT_OBJC_ISA_USAGE = YES_ERROR;
				CLANG_WARN_DOCUMENTATION_COMMENTS = YES;
				CLANG_WARN_EMPTY_BODY = YES;
				CLANG_WARN_ENUM_CONVERSION = YES;
				CLANG_WARN_INFINITE_RECURSION = YES;
				CLANG_WARN_INT_CONVERSION = YES;
				CLANG_WARN_NON_LITERAL_NULL_CONVERSION = YES;
				CLANG_WARN_OBJC_IMPLICIT_RETAIN_SELF = YES;
				CLANG_WARN_OBJC_LITERAL_CONVERSION = YES;
				CLANG_WARN_OBJC_ROOT_CLASS = YES_ERROR;
				CLANG_WARN_QUOTED_INCLUDE_IN_FRAMEWORK_HEADER = YES;
				CLANG_WARN_RANGE_LOOP_ANALYSIS = YES;
				CLANG_WARN_STRICT_PROTOTYPES = YES;
				CLANG_WARN_SUSPICIOUS_MOVE = YES;
				CLANG_WARN_UNGUARDED_AVAILABILITY = YES_AGGRESSIVE;
				CLANG_WARN_UNREACHABLE_CODE = YES;
				CLANG_WARN__DUPLICATE_METHOD_MATCH = YES;
				COPY_PHASE_STRIP = NO;
				DEBUG_INFORMATION_FORMAT = dwarf;
				ENABLE_STRICT_OBJC_MSGSEND = YES;
				ENABLE_TESTABILITY = YES;
				GCC_C_LANGUAGE_STANDARD = gnu11;
				GCC_DYNAMIC_NO_PIC = NO;
				GCC_NO_COMMON_BLOCKS = YES;
				GCC_OPTIMIZATION_LEVEL = 0;
				GCC_PREPROCESSOR_DEFINITIONS = (
					"$(inherited)",
					"DEBUG=1",
				);
				GCC_WARN_64_TO_32_BIT_CONVERSION = YES;
				GCC_WARN_ABOUT_RETURN_TYPE = YES_ERROR;
				GCC_WARN_UNDECLARED_SELECTOR = YES;
				GCC_WARN_UNINITIALIZED_AUTOS = YES_AGGRESSIVE;
				GCC_WARN_UNUSED_FUNCTION = YES;
				GCC_WARN_UNUSED_VARIABLE = YES;
				GENERATE_INFOPLIST_FILE = YES;
				IPHONEOS_DEPLOYMENT_TARGET = 17.0;
				MTL_ENABLE_DEBUG_INFO = INCLUDE_SOURCE;
				MTL_FAST_MATH = YES;
				ONLY_ACTIVE_ARCH = YES;
				PRODUCT_NAME = "$(TARGET_NAME)";
				SDKROOT = iphoneos;
				SWIFT_ACTIVE_COMPILATION_CONDITIONS = DEBUG;
				SWIFT_OPTIMIZATION_LEVEL = "-Onone";
				SWIFT_VERSION = 5.0;
			};
			name = Debug;
		};
		F700082E82B1DD085938C237 /* Release */ = {
			isa = XCBuildConfiguration;
			buildSettings = {
				ASSETCATALOG_COMPILER_APPICON_NAME = AppIcon;
				ASSETCATALOG_COMPILER_GLOBAL_ACCENT_COLOR_NAME = AccentColor;
				CODE_SIGN_IDENTITY = "iPhone Developer";
				CODE_SIGN_STYLE = Automatic;
				CURRENT_PROJECT_VERSION = 2;
				DEVELOPMENT_TEAM = HV325Z3W39;
				ENABLE_PREVIEWS = YES;
				INFOPLIST_FILE = NOTAMApp/Info.plist;
				INFOPLIST_KEY_CFBundleDisplayName = NOTAM;
				INFOPLIST_KEY_UIApplicationSceneManifest_Generation = YES;
				INFOPLIST_KEY_UIApplicationSupportsIndirectInputEvents = YES;
				INFOPLIST_KEY_UILaunchScreen_Generation = YES;
				INFOPLIST_KEY_UISupportedInterfaceOrientations_iPad = "UIInterfaceOrientationPortrait UIInterfaceOrientationPortraitUpsideDown UIInterfaceOrientationLandscapeLeft UIInterfaceOrientationLandscapeRight";
				INFOPLIST_KEY_UISupportedInterfaceOrientations_iPhone = "UIInterfaceOrientationPortrait UIInterfaceOrientationLandscapeLeft UIInterfaceOrientationLandscapeRight";
				LD_RUNPATH_SEARCH_PATHS = (
					"$(inherited)",
					"@executable_path/Frameworks",
				);
				MARKETING_VERSION = 1.2;
				PRODUCT_BUNDLE_IDENTIFIER = com.notamapp.NOTAMApp;
				SDKROOT = iphoneos;
				TARGETED_DEVICE_FAMILY = 1;
			};
			name = Release;
		};
/* End XCBuildConfiguration section */

/* Begin XCConfigurationList section */
		923B2DAAEE5FB9B3065B1DFD /* Build configuration list for PBXProject "NOTAMApp" */ = {
			isa = XCConfigurationList;
			buildConfigurations = (
				E45309D2E1933F7076AD3AD2 /* Debug */,
				2BEB61DAB4AAE2C2E594A19A /* Release */,
			);
			defaultConfigurationIsVisible = 0;
			defaultConfigurationName = Debug;
		};
		CE9B4A587FC44313A7157579 /* Build configuration list for PBXNativeTarget "NOTAMApp" */ = {
			isa = XCConfigurationList;
			buildConfigurations = (
				B43CD83A560997D945A404EA /* Debug */,
				F700082E82B1DD085938C237 /* Release */,
			);
			defaultConfigurationIsVisible = 0;
			defaultConfigurationName = Debug;
		};
/* End XCConfigurationList section */
	};
	rootObject = C898020189DFFC45A31EDE08 /* Project object */;
}
